// !$*UTF8*$!
{
	archiveVersion = 1;
	classes = {
	};
	objectVersion = 46;
	objects = {

/* Begin PBXBuildFile section */
		3631206C173CC9860093263C /* UIKit.framework in Frameworks */ = {isa = PBXBuildFile; fileRef = 3631206B173CC9860093263C /* UIKit.framework */; };
		3631206E173CC9860093263C /* Foundation.framework in Frameworks */ = {isa = PBXBuildFile; fileRef = 3631206D173CC9860093263C /* Foundation.framework */; };
		36312070173CC9860093263C /* CoreGraphics.framework in Frameworks */ = {isa = PBXBuildFile; fileRef = 3631206F173CC9860093263C /* CoreGraphics.framework */; };
		36312076173CC9860093263C /* InfoPlist.strings in Resources */ = {isa = PBXBuildFile; fileRef = 36312074173CC9860093263C /* InfoPlist.strings */; };
		36312078173CC9860093263C /* main.m in Sources */ = {isa = PBXBuildFile; fileRef = 36312077173CC9860093263C /* main.m */; };
		3631207C173CC9860093263C /* MEAppDelegate.m in Sources */ = {isa = PBXBuildFile; fileRef = 3631207B173CC9860093263C /* MEAppDelegate.m */; };
		3631207E173CC9860093263C /* Default.png in Resources */ = {isa = PBXBuildFile; fileRef = 3631207D173CC9860093263C /* Default.png */; };
		36312080173CC9860093263C /* Default@2x.png in Resources */ = {isa = PBXBuildFile; fileRef = 3631207F173CC9860093263C /* Default@2x.png */; };
		36312082173CC9860093263C /* Default-568h@2x.png in Resources */ = {isa = PBXBuildFile; fileRef = 36312081173CC9860093263C /* Default-568h@2x.png */; };
		36312085173CC9860093263C /* MEViewController.m in Sources */ = {isa = PBXBuildFile; fileRef = 36312084173CC9860093263C /* MEViewController.m */; };
		36312088173CC9860093263C /* MEViewController.xib in Resources */ = {isa = PBXBuildFile; fileRef = 36312086173CC9860093263C /* MEViewController.xib */; };
		36312090173CC9A90093263C /* METoast.m in Sources */ = {isa = PBXBuildFile; fileRef = 3631208F173CC9A90093263C /* METoast.m */; };
/* End PBXBuildFile section */

/* Begin PBXFileReference section */
		36312067173CC9860093263C /* METoast.app */ = {isa = PBXFileReference; explicitFileType = wrapper.application; includeInIndex = 0; path = METoast.app; sourceTree = BUILT_PRODUCTS_DIR; };
		3631206B173CC9860093263C /* UIKit.framework */ = {isa = PBXFileReference; lastKnownFileType = wrapper.framework; name = UIKit.framework; path = System/Library/Frameworks/UIKit.framework; sourceTree = SDKROOT; };
		3631206D173CC9860093263C /* Foundation.framework */ = {isa = PBXFileReference; lastKnownFileType = wrapper.framework; name = Foundation.framework; path = System/Library/Frameworks/Foundation.framework; sourceTree = SDKROOT; };
		3631206F173CC9860093263C /* CoreGraphics.framework */ = {isa = PBXFileReference; lastKnownFileType = wrapper.framework; name = CoreGraphics.framework; path = System/Library/Frameworks/CoreGraphics.framework; sourceTree = SDKROOT; };
		36312073173CC9860093263C /* METoast-Info.plist */ = {isa = PBXFileReference; lastKnownFileType = text.plist.xml; path = "METoast-Info.plist"; sourceTree = "<group>"; };
		36312075173CC9860093263C /* en */ = {isa = PBXFileReference; lastKnownFileType = text.plist.strings; name = en; path = en.lproj/InfoPlist.strings; sourceTree = "<group>"; };
		36312077173CC9860093263C /* main.m */ = {isa = PBXFileReference; lastKnownFileType = sourcecode.c.objc; path = main.m; sourceTree = "<group>"; };
		36312079173CC9860093263C /* METoast-Prefix.pch */ = {isa = PBXFileReference; lastKnownFileType = sourcecode.c.h; path = "METoast-Prefix.pch"; sourceTree = "<group>"; };
		3631207A173CC9860093263C /* MEAppDelegate.h */ = {isa = PBXFileReference; lastKnownFileType = sourcecode.c.h; path = MEAppDelegate.h; sourceTree = "<group>"; };
		3631207B173CC9860093263C /* MEAppDelegate.m */ = {isa = PBXFileReference; lastKnownFileType = sourcecode.c.objc; path = MEAppDelegate.m; sourceTree = "<group>"; };
		3631207D173CC9860093263C /* Default.png */ = {isa = PBXFileReference; lastKnownFileType = image.png; path = Default.png; sourceTree = "<group>"; };
		3631207F173CC9860093263C /* Default@2x.png */ = {isa = PBXFileReference; lastKnownFileType = image.png; path = "Default@2x.png"; sourceTree = "<group>"; };
		36312081173CC9860093263C /* Default-568h@2x.png */ = {isa = PBXFileReference; lastKnownFileType = image.png; path = "Default-568h@2x.png"; sourceTree = "<group>"; };
		36312083173CC9860093263C /* MEViewController.h */ = {isa = PBXFileReference; lastKnownFileType = sourcecode.c.h; path = MEViewController.h; sourceTree = "<group>"; };
		36312084173CC9860093263C /* MEViewController.m */ = {isa = PBXFileReference; lastKnownFileType = sourcecode.c.objc; path = MEViewController.m; sourceTree = "<group>"; };
		36312087173CC9860093263C /* en */ = {isa = PBXFileReference; lastKnownFileType = file.xib; name = en; path = en.lproj/MEViewController.xib; sourceTree = "<group>"; };
		3631208E173CC9A90093263C /* METoast.h */ = {isa = PBXFileReference; fileEncoding = 4; lastKnownFileType = sourcecode.c.h; path = METoast.h; sourceTree = "<group>"; };
		3631208F173CC9A90093263C /* METoast.m */ = {isa = PBXFileReference; fileEncoding = 4; lastKnownFileType = sourcecode.c.objc; path = METoast.m; sourceTree = "<group>"; };
/* End PBXFileReference section */

/* Begin PBXFrameworksBuildPhase section */
		36312064173CC9850093263C /* Frameworks */ = {
			isa = PBXFrameworksBuildPhase;
			buildActionMask = 2147483647;
			files = (
				3631206C173CC9860093263C /* UIKit.framework in Frameworks */,
				3631206E173CC9860093263C /* Foundation.framework in Frameworks */,
				36312070173CC9860093263C /* CoreGraphics.framework in Frameworks */,
			);
			runOnlyForDeploymentPostprocessing = 0;
		};
/* End PBXFrameworksBuildPhase section */

/* Begin PBXGroup section */
		3631205C173CC9850093263C = {
			isa = PBXGroup;
			children = (
				36312071173CC9860093263C /* METoast */,
				3631206A173CC9860093263C /* Frameworks */,
				36312068173CC9860093263C /* Products */,
			);
			sourceTree = "<group>";
		};
		36312068173CC9860093263C /* Products */ = {
			isa = PBXGroup;
			children = (
				36312067173CC9860093263C /* METoast.app */,
			);
			name = Products;
			sourceTree = "<group>";
		};
		3631206A173CC9860093263C /* Frameworks */ = {
			isa = PBXGroup;
			children = (
				3631206B173CC9860093263C /* UIKit.framework */,
				3631206D173CC9860093263C /* Foundation.framework */,
				3631206F173CC9860093263C /* CoreGraphics.framework */,
			);
			name = Frameworks;
			sourceTree = "<group>";
		};
		36312071173CC9860093263C /* METoast */ = {
			isa = PBXGroup;
			children = (
				3631207A173CC9860093263C /* MEAppDelegate.h */,
				3631207B173CC9860093263C /* MEAppDelegate.m */,
				36312083173CC9860093263C /* MEViewController.h */,
				36312084173CC9860093263C /* MEViewController.m */,
				36312086173CC9860093263C /* MEViewController.xib */,
				36312072173CC9860093263C /* Supporting Files */,
				3631208E173CC9A90093263C /* METoast.h */,
				3631208F173CC9A90093263C /* METoast.m */,
			);
			path = METoast;
			sourceTree = "<group>";
		};
		36312072173CC9860093263C /* Supporting Files */ = {
			isa = PBXGroup;
			children = (
				36312073173CC9860093263C /* METoast-Info.plist */,
				36312074173CC9860093263C /* InfoPlist.strings */,
				36312077173CC9860093263C /* main.m */,
				36312079173CC9860093263C /* METoast-Prefix.pch */,
				3631207D173CC9860093263C /* Default.png */,
				3631207F173CC9860093263C /* Default@2x.png */,
				36312081173CC9860093263C /* Default-568h@2x.png */,
			);
			name = "Supporting Files";
			sourceTree = "<group>";
		};
/* End PBXGroup section */

/* Begin PBXNativeTarget section */
		36312066173CC9850093263C /* METoast */ = {
			isa = PBXNativeTarget;
			buildConfigurationList = 3631208B173CC9860093263C /* Build configuration list for PBXNativeTarget "METoast" */;
			buildPhases = (
				36312063173CC9850093263C /* Sources */,
				36312064173CC9850093263C /* Frameworks */,
				36312065173CC9850093263C /* Resources */,
			);
			buildRules = (
			);
			dependencies = (
			);
			name = METoast;
			productName = METoast;
			productReference = 36312067173CC9860093263C /* METoast.app */;
			productType = "com.apple.product-type.application";
		};
/* End PBXNativeTarget section */

/* Begin PBXProject section */
		3631205E173CC9850093263C /* Project object */ = {
			isa = PBXProject;
			attributes = {
				CLASSPREFIX = MY;
				LastUpgradeCheck = 0450;
				ORGANIZATIONNAME = mysoft;
			};
			buildConfigurationList = 36312061173CC9850093263C /* Build configuration list for PBXProject "METoast" */;
			compatibilityVersion = "Xcode 3.2";
			developmentRegion = English;
			hasScannedForEncodings = 0;
			knownRegions = (
				en,
			);
			mainGroup = 3631205C173CC9850093263C;
			productRefGroup = 36312068173CC9860093263C /* Products */;
			projectDirPath = "";
			projectRoot = "";
			targets = (
				36312066173CC9850093263C /* METoast */,
			);
		};
/* End PBXProject section */

/* Begin PBXResourcesBuildPhase section */
		36312065173CC9850093263C /* Resources */ = {
			isa = PBXResourcesBuildPhase;
			buildActionMask = 2147483647;
			files = (
				36312076173CC9860093263C /* InfoPlist.strings in Resources */,
				3631207E173CC9860093263C /* Default.png in Resources */,
				36312080173CC9860093263C /* Default@2x.png in Resources */,
				36312082173CC9860093263C /* Default-568h@2x.png in Resources */,
				36312088173CC9860093263C /* MEViewController.xib in Resources */,
			);
			runOnlyForDeploymentPostprocessing = 0;
		};
/* End PBXResourcesBuildPhase section */

/* Begin PBXSourcesBuildPhase section */
		36312063173CC9850093263C /* Sources */ = {
			isa = PBXSourcesBuildPhase;
			buildActionMask = 2147483647;
			files = (
				36312078173CC9860093263C /* main.m in Sources */,
				3631207C173CC9860093263C /* MEAppDelegate.m in Sources */,
				36312085173CC9860093263C /* MEViewController.m in Sources */,
				36312090173CC9A90093263C /* METoast.m in Sources */,
			);
			runOnlyForDeploymentPostprocessing = 0;
		};
/* End PBXSourcesBuildPhase section */

/* Begin PBXVariantGroup section */
		36312074173CC9860093263C /* InfoPlist.strings */ = {
			isa = PBXVariantGroup;
			children = (
				36312075173CC9860093263C /* en */,
			);
			name = InfoPlist.strings;
			sourceTree = "<group>";
		};
		36312086173CC9860093263C /* MEViewController.xib */ = {
			isa = PBXVariantGroup;
			children = (
				36312087173CC9860093263C /* en */,
			);
			name = MEViewController.xib;
			sourceTree = "<group>";
		};
/* End PBXVariantGroup section */

/* Begin XCBuildConfiguration section */
		36312089173CC9860093263C /* Debug */ = {
			isa = XCBuildConfiguration;
			buildSettings = {
				ALWAYS_SEARCH_USER_PATHS = NO;
				CLANG_CXX_LANGUAGE_STANDARD = "gnu++0x";
				CLANG_CXX_LIBRARY = "libc++";
				CLANG_WARN_EMPTY_BODY = YES;
				CLANG_WARN__DUPLICATE_METHOD_MATCH = YES;
				"CODE_SIGN_IDENTITY[sdk=iphoneos*]" = "iPhone Developer";
				COPY_PHASE_STRIP = NO;
				GCC_C_LANGUAGE_STANDARD = gnu99;
				GCC_DYNAMIC_NO_PIC = NO;
				GCC_OPTIMIZATION_LEVEL = 0;
				GCC_PREPROCESSOR_DEFINITIONS = (
					"DEBUG=1",
					"$(inherited)",
				);
				GCC_SYMBOLS_PRIVATE_EXTERN = NO;
				GCC_WARN_ABOUT_RETURN_TYPE = YES;
				GCC_WARN_UNINITIALIZED_AUTOS = YES;
				GCC_WARN_UNUSED_VARIABLE = YES;
				IPHONEOS_DEPLOYMENT_TARGET = 6.0;
				ONLY_ACTIVE_ARCH = YES;
				SDKROOT = iphoneos;
			};
			name = Debug;
		};
		3631208A173CC9860093263C /* Release */ = {
			isa = XCBuildConfiguration;
			buildSettings = {
				ALWAYS_SEARCH_USER_PATHS = NO;
				CLANG_CXX_LANGUAGE_STANDARD = "gnu++0x";
				CLANG_CXX_LIBRARY = "libc++";
				CLANG_WARN_EMPTY_BODY = YES;
				CLANG_WARN__DUPLICATE_METHOD_MATCH = YES;
				"CODE_SIGN_IDENTITY[sdk=iphoneos*]" = "iPhone Developer";
				COPY_PHASE_STRIP = YES;
				GCC_C_LANGUAGE_STANDARD = gnu99;
				GCC_WARN_ABOUT_RETURN_TYPE = YES;
				GCC_WARN_UNINITIALIZED_AUTOS = YES;
				GCC_WARN_UNUSED_VARIABLE = YES;
				IPHONEOS_DEPLOYMENT_TARGET = 6.0;
				OTHER_CFLAGS = "-DNS_BLOCK_ASSERTIONS=1";
				SDKROOT = iphoneos;
				VALIDATE_PRODUCT = YES;
			};
			name = Release;
		};
		3631208C173CC9860093263C /* Debug */ = {
			isa = XCBuildConfiguration;
			buildSettings = {
				GCC_PRECOMPILE_PREFIX_HEADER = YES;
				GCC_PREFIX_HEADER = "METoast/METoast-Prefix.pch";
				INFOPLIST_FILE = "METoast/METoast-Info.plist";
				PRODUCT_NAME = "$(TARGET_NAME)";
				WRAPPER_EXTENSION = app;
			};
			name = Debug;
		};
		3631208D173CC9860093263C /* Release */ = {
			isa = XCBuildConfiguration;
			buildSettings = {
				GCC_PRECOMPILE_PREFIX_HEADER = YES;
				GCC_PREFIX_HEADER = "METoast/METoast-Prefix.pch";
				INFOPLIST_FILE = "METoast/METoast-Info.plist";
				PRODUCT_NAME = "$(TARGET_NAME)";
				WRAPPER_EXTENSION = app;
			};
			name = Release;
		};
/* End XCBuildConfiguration section */

/* Begin XCConfigurationList section */
		36312061173CC9850093263C /* Build configuration list for PBXProject "METoast" */ = {
			isa = XCConfigurationList;
			buildConfigurations = (
				36312089173CC9860093263C /* Debug */,
				3631208A173CC9860093263C /* Release */,
			);
			defaultConfigurationIsVisible = 0;
			defaultConfigurationName = Release;
		};
		3631208B173CC9860093263C /* Build configuration list for PBXNativeTarget "METoast" */ = {
			isa = XCConfigurationList;
			buildConfigurations = (
				3631208C173CC9860093263C /* Debug */,
				3631208D173CC9860093263C /* Release */,
			);
			defaultConfigurationIsVisible = 0;
			defaultConfigurationName = Release;
		};
/* End XCConfigurationList section */
	};
	rootObject = 3631205E173CC9850093263C /* Project object */;
}
